// !$*UTF8*$!
{
	archiveVersion = 1;
	classes = {
	};
	objectVersion = 50;
	objects = {

/* Begin PBXBuildFile section */
		11142B8924A04D890004B482 /* README.md in Resources */ = {isa = PBXBuildFile; fileRef = 11142B8824A04D890004B482 /* README.md */; };
		113D0FA3257892CF004964F2 /* ObjectsClassesMessages.m in Sources */ = {isa = PBXBuildFile; fileRef = 113D0FA2257892CF004964F2 /* ObjectsClassesMessages.m */; };
		113D0FA52578BCE3004964F2 /* graphichierarchy.gif in Resources */ = {isa = PBXBuildFile; fileRef = 113D0FA42578BCE3004964F2 /* graphichierarchy.gif */; };
		113D0FA72578BE18004964F2 /* graphicinstvars.gif in Resources */ = {isa = PBXBuildFile; fileRef = 113D0FA62578BE17004964F2 /* graphicinstvars.gif */; };
		113D0FA92578C2B4004964F2 /* cellhierarchy.gif in Resources */ = {isa = PBXBuildFile; fileRef = 113D0FA82578C2B4004964F2 /* cellhierarchy.gif */; };
		113D0FAC2578C649004964F2 /* DefiningClass.m in Sources */ = {isa = PBXBuildFile; fileRef = 113D0FAB2578C649004964F2 /* DefiningClass.m */; };
		113D0FAE2578CEB8004964F2 /* scopeinstvariables.gif in Resources */ = {isa = PBXBuildFile; fileRef = 113D0FAD2578CEB8004964F2 /* scopeinstvariables.gif */; };
		113D0FB02578D04F004964F2 /* highmidlow.gif in Resources */ = {isa = PBXBuildFile; fileRef = 113D0FAF2578D04F004964F2 /* highmidlow.gif */; };
		113D0FB32578D2F8004964F2 /* Protocols.m in Sources */ = {isa = PBXBuildFile; fileRef = 113D0FB22578D2F8004964F2 /* Protocols.m */; };
		113D0FB72578D312004964F2 /* DeclaredProperty.m in Sources */ = {isa = PBXBuildFile; fileRef = 113D0FB62578D312004964F2 /* DeclaredProperty.m */; };
		113D0FBA2578D327004964F2 /* CategoriesExtensions.m in Sources */ = {isa = PBXBuildFile; fileRef = 113D0FB92578D327004964F2 /* CategoriesExtensions.m */; };
		113D0FBD2578D33F004964F2 /* AssociativeReferences.m in Sources */ = {isa = PBXBuildFile; fileRef = 113D0FBC2578D33F004964F2 /* AssociativeReferences.m */; };
		113D0FC02578D350004964F2 /* FastEnumeration.m in Sources */ = {isa = PBXBuildFile; fileRef = 113D0FBF2578D350004964F2 /* FastEnumeration.m */; };
		113D0FC32578D368004964F2 /* EnablingStaticBehavior.m in Sources */ = {isa = PBXBuildFile; fileRef = 113D0FC22578D368004964F2 /* EnablingStaticBehavior.m */; };
		113D0FC62578D378004964F2 /* Selectors.m in Sources */ = {isa = PBXBuildFile; fileRef = 113D0FC52578D378004964F2 /* Selectors.m */; };
		113D0FC92578D452004964F2 /* ExceptionHandling.m in Sources */ = {isa = PBXBuildFile; fileRef = 113D0FC82578D452004964F2 /* ExceptionHandling.m */; };
		113D0FCC2578D462004964F2 /* Threading.m in Sources */ = {isa = PBXBuildFile; fileRef = 113D0FCB2578D462004964F2 /* Threading.m */; };
		113DFBE82574920F00E945F5 /* layout.png in Resources */ = {isa = PBXBuildFile; fileRef = 113DFBE72574920F00E945F5 /* layout.png */; };
		1144CDE925663FE30018E831 /* StackHeap.m in Sources */ = {isa = PBXBuildFile; fileRef = 1144CDE825663FE30018E831 /* StackHeap.m */; };
		11479CBB256CA52000AF877E /* WebPMux.framework in Frameworks */ = {isa = PBXBuildFile; fileRef = 11479CB6256CA52000AF877E /* WebPMux.framework */; };
		11479CBC256CA52000AF877E /* WebP.framework in Frameworks */ = {isa = PBXBuildFile; fileRef = 11479CB7256CA52000AF877E /* WebP.framework */; };
		11479CBD256CA52000AF877E /* WebPDecoder.framework in Frameworks */ = {isa = PBXBuildFile; fileRef = 11479CB8256CA52000AF877E /* WebPDecoder.framework */; };
		11479CBE256CA52000AF877E /* README in Resources */ = {isa = PBXBuildFile; fileRef = 11479CB9256CA52000AF877E /* README */; };
		11479CBF256CA52000AF877E /* WebPDemux.framework in Frameworks */ = {isa = PBXBuildFile; fileRef = 11479CBA256CA52000AF877E /* WebPDemux.framework */; };
		1148E58C256761270002372F /* KVO.m in Sources */ = {isa = PBXBuildFile; fileRef = 1148E58B256761270002372F /* KVO.m */; };
		1148E58F256761340002372F /* KVC.m in Sources */ = {isa = PBXBuildFile; fileRef = 1148E58E256761340002372F /* KVC.m */; };
		114CE82F2563709C00179FC2 /* KeyValueCoding.m in Sources */ = {isa = PBXBuildFile; fileRef = 114CE82E2563709C00179FC2 /* KeyValueCoding.m */; };
		114CE83225637F1B00179FC2 /* CopingController.m in Sources */ = {isa = PBXBuildFile; fileRef = 114CE83125637F1B00179FC2 /* CopingController.m */; };
		114CE8352563957900179FC2 /* ValueWrappersTransformations.m in Sources */ = {isa = PBXBuildFile; fileRef = 114CE8342563957900179FC2 /* ValueWrappersTransformations.m */; };
		114CE8382563964100179FC2 /* Invocations.m in Sources */ = {isa = PBXBuildFile; fileRef = 114CE8372563964100179FC2 /* Invocations.m */; };
		114CE83B25639C4E00179FC2 /* MemoryManagement.m in Sources */ = {isa = PBXBuildFile; fileRef = 114CE83A25639C4E00179FC2 /* MemoryManagement.m */; };
		114CE83E2563CD7B00179FC2 /* AdvancedMemoryManagement.m in Sources */ = {isa = PBXBuildFile; fileRef = 114CE83D2563CD7B00179FC2 /* AdvancedMemoryManagement.m */; };
		114CE8402563CFFA00179FC2 /* memory_management_2x.png in Resources */ = {isa = PBXBuildFile; fileRef = 114CE83F2563CFFA00179FC2 /* memory_management_2x.png */; };
		114CE8422563F57800179FC2 /* retaincycles_2x.png in Resources */ = {isa = PBXBuildFile; fileRef = 114CE8412563F57800179FC2 /* retaincycles_2x.png */; };
		1162AB95255FD04500D6D099 /* RuntimeVersionsPlatforms.m in Sources */ = {isa = PBXBuildFile; fileRef = 1162AB94255FD04500D6D099 /* RuntimeVersionsPlatforms.m */; };
		1162AB98255FD3F200D6D099 /* InteractWithRuntime.m in Sources */ = {isa = PBXBuildFile; fileRef = 1162AB97255FD3F200D6D099 /* InteractWithRuntime.m */; };
		119E09D324444ECB003FB6F2 /* AppDelegate.m in Sources */ = {isa = PBXBuildFile; fileRef = 119E09D224444ECB003FB6F2 /* AppDelegate.m */; };
		119E09DC24444ECB003FB6F2 /* Main.storyboard in Resources */ = {isa = PBXBuildFile; fileRef = 119E09DA24444ECB003FB6F2 /* Main.storyboard */; };
		119E09DE24444ECD003FB6F2 /* Assets.xcassets in Resources */ = {isa = PBXBuildFile; fileRef = 119E09DD24444ECD003FB6F2 /* Assets.xcassets */; };
		119E09E124444ECD003FB6F2 /* LaunchScreen.storyboard in Resources */ = {isa = PBXBuildFile; fileRef = 119E09DF24444ECD003FB6F2 /* LaunchScreen.storyboard */; };
		119E09E424444ECD003FB6F2 /* main.m in Sources */ = {isa = PBXBuildFile; fileRef = 119E09E324444ECD003FB6F2 /* main.m */; };
		119E09EE24444ECD003FB6F2 /* RuntimeTests.m in Sources */ = {isa = PBXBuildFile; fileRef = 119E09ED24444ECD003FB6F2 /* RuntimeTests.m */; };
		119E09F924444ECD003FB6F2 /* RuntimeUITests.m in Sources */ = {isa = PBXBuildFile; fileRef = 119E09F824444ECD003FB6F2 /* RuntimeUITests.m */; };
		11D97F5B25622FB500781528 /* Messaging.m in Sources */ = {isa = PBXBuildFile; fileRef = 11D97F5A25622FB500781528 /* Messaging.m */; };
		11D97F5E25622FEC00781528 /* DynamicMethodResolution.m in Sources */ = {isa = PBXBuildFile; fileRef = 11D97F5D25622FEC00781528 /* DynamicMethodResolution.m */; };
		11D97F612562300700781528 /* MessageForwarding.m in Sources */ = {isa = PBXBuildFile; fileRef = 11D97F602562300700781528 /* MessageForwarding.m */; };
		11D97F642562301700781528 /* TypeEncodings.m in Sources */ = {isa = PBXBuildFile; fileRef = 11D97F632562301700781528 /* TypeEncodings.m */; };
		11D97F672562304F00781528 /* DeclaredProperties.m in Sources */ = {isa = PBXBuildFile; fileRef = 11D97F662562304F00781528 /* DeclaredProperties.m */; };
		11D97F6925624A5200781528 /* messaging1.gif in Resources */ = {isa = PBXBuildFile; fileRef = 11D97F6825624A5200781528 /* messaging1.gif */; };
		11D97F6B2562809200781528 /* forwarding.gif in Resources */ = {isa = PBXBuildFile; fileRef = 11D97F6A2562809200781528 /* forwarding.gif */; };
		11D97F6D256282D200781528 /* encoding.png in Resources */ = {isa = PBXBuildFile; fileRef = 11D97F6C256282D200781528 /* encoding.png */; };
		11D97F6F2562837600781528 /* methodEncoding.png in Resources */ = {isa = PBXBuildFile; fileRef = 11D97F6E2562837600781528 /* methodEncoding.png */; };
		11D97F712562852100781528 /* propertyTypeEncoding.png in Resources */ = {isa = PBXBuildFile; fileRef = 11D97F702562852100781528 /* propertyTypeEncoding.png */; };
		11D97F732562858F00781528 /* PropertyAttributeDescriptionExamples.png in Resources */ = {isa = PBXBuildFile; fileRef = 11D97F722562858F00781528 /* PropertyAttributeDescriptionExamples.png */; };
/* End PBXBuildFile section */

/* Begin PBXContainerItemProxy section */
		119E09EA24444ECD003FB6F2 /* PBXContainerItemProxy */ = {
			isa = PBXContainerItemProxy;
			containerPortal = 119E09C624444ECB003FB6F2 /* Project object */;
			proxyType = 1;
			remoteGlobalIDString = 119E09CD24444ECB003FB6F2;
			remoteInfo = Runtime;
		};
		119E09F524444ECD003FB6F2 /* PBXContainerItemProxy */ = {
			isa = PBXContainerItemProxy;
			containerPortal = 119E09C624444ECB003FB6F2 /* Project object */;
			proxyType = 1;
			remoteGlobalIDString = 119E09CD24444ECB003FB6F2;
			remoteInfo = Runtime;
		};
/* End PBXContainerItemProxy section */

/* Begin PBXFileReference section */
		11142B8824A04D890004B482 /* README.md */ = {isa = PBXFileReference; fileEncoding = 4; lastKnownFileType = net.daringfireball.markdown; path = README.md; sourceTree = SOURCE_ROOT; };
		113D0FA1257892CF004964F2 /* ObjectsClassesMessages.h */ = {isa = PBXFileReference; lastKnownFileType = sourcecode.c.h; path = ObjectsClassesMessages.h; sourceTree = "<group>"; };
		113D0FA2257892CF004964F2 /* ObjectsClassesMessages.m */ = {isa = PBXFileReference; lastKnownFileType = sourcecode.c.objc; path = ObjectsClassesMessages.m; sourceTree = "<group>"; };
		113D0FA42578BCE3004964F2 /* graphichierarchy.gif */ = {isa = PBXFileReference; lastKnownFileType = image.gif; path = graphichierarchy.gif; sourceTree = "<group>"; };
		113D0FA62578BE17004964F2 /* graphicinstvars.gif */ = {isa = PBXFileReference; lastKnownFileType = image.gif; path = graphicinstvars.gif; sourceTree = "<group>"; };
		113D0FA82578C2B4004964F2 /* cellhierarchy.gif */ = {isa = PBXFileReference; lastKnownFileType = image.gif; path = cellhierarchy.gif; sourceTree = "<group>"; };
		113D0FAA2578C649004964F2 /* DefiningClass.h */ = {isa = PBXFileReference; lastKnownFileType = sourcecode.c.h; path = DefiningClass.h; sourceTree = "<group>"; };
		113D0FAB2578C649004964F2 /* DefiningClass.m */ = {isa = PBXFileReference; lastKnownFileType = sourcecode.c.objc; path = DefiningClass.m; sourceTree = "<group>"; };
		113D0FAD2578CEB8004964F2 /* scopeinstvariables.gif */ = {isa = PBXFileReference; lastKnownFileType = image.gif; path = scopeinstvariables.gif; sourceTree = "<group>"; };
		113D0FAF2578D04F004964F2 /* highmidlow.gif */ = {isa = PBXFileReference; lastKnownFileType = image.gif; path = highmidlow.gif; sourceTree = "<group>"; };
		113D0FB12578D2F8004964F2 /* Protocols.h */ = {isa = PBXFileReference; lastKnownFileType = sourcecode.c.h; path = Protocols.h; sourceTree = "<group>"; };
		113D0FB22578D2F8004964F2 /* Protocols.m */ = {isa = PBXFileReference; lastKnownFileType = sourcecode.c.objc; path = Protocols.m; sourceTree = "<group>"; };
		113D0FB52578D312004964F2 /* DeclaredProperty.h */ = {isa = PBXFileReference; lastKnownFileType = sourcecode.c.h; path = DeclaredProperty.h; sourceTree = "<group>"; };
		113D0FB62578D312004964F2 /* DeclaredProperty.m */ = {isa = PBXFileReference; lastKnownFileType = sourcecode.c.objc; path = DeclaredProperty.m; sourceTree = "<group>"; };
		113D0FB82578D327004964F2 /* CategoriesExtensions.h */ = {isa = PBXFileReference; lastKnownFileType = sourcecode.c.h; path = CategoriesExtensions.h; sourceTree = "<group>"; };
		113D0FB92578D327004964F2 /* CategoriesExtensions.m */ = {isa = PBXFileReference; lastKnownFileType = sourcecode.c.objc; path = CategoriesExtensions.m; sourceTree = "<group>"; };
		113D0FBB2578D33F004964F2 /* AssociativeReferences.h */ = {isa = PBXFileReference; lastKnownFileType = sourcecode.c.h; path = AssociativeReferences.h; sourceTree = "<group>"; };
		113D0FBC2578D33F004964F2 /* AssociativeReferences.m */ = {isa = PBXFileReference; lastKnownFileType = sourcecode.c.objc; path = AssociativeReferences.m; sourceTree = "<group>"; };
		113D0FBE2578D350004964F2 /* FastEnumeration.h */ = {isa = PBXFileReference; lastKnownFileType = sourcecode.c.h; path = FastEnumeration.h; sourceTree = "<group>"; };
		113D0FBF2578D350004964F2 /* FastEnumeration.m */ = {isa = PBXFileReference; lastKnownFileType = sourcecode.c.objc; path = FastEnumeration.m; sourceTree = "<group>"; };
		113D0FC12578D368004964F2 /* EnablingStaticBehavior.h */ = {isa = PBXFileReference; lastKnownFileType = sourcecode.c.h; path = EnablingStaticBehavior.h; sourceTree = "<group>"; };
		113D0FC22578D368004964F2 /* EnablingStaticBehavior.m */ = {isa = PBXFileReference; lastKnownFileType = sourcecode.c.objc; path = EnablingStaticBehavior.m; sourceTree = "<group>"; };
		113D0FC42578D378004964F2 /* Selectors.h */ = {isa = PBXFileReference; lastKnownFileType = sourcecode.c.h; path = Selectors.h; sourceTree = "<group>"; };
		113D0FC52578D378004964F2 /* Selectors.m */ = {isa = PBXFileReference; lastKnownFileType = sourcecode.c.objc; path = Selectors.m; sourceTree = "<group>"; };
		113D0FC72578D452004964F2 /* ExceptionHandling.h */ = {isa = PBXFileReference; lastKnownFileType = sourcecode.c.h; path = ExceptionHandling.h; sourceTree = "<group>"; };
		113D0FC82578D452004964F2 /* ExceptionHandling.m */ = {isa = PBXFileReference; lastKnownFileType = sourcecode.c.objc; path = ExceptionHandling.m; sourceTree = "<group>"; };
		113D0FCA2578D462004964F2 /* Threading.h */ = {isa = PBXFileReference; lastKnownFileType = sourcecode.c.h; path = Threading.h; sourceTree = "<group>"; };
		113D0FCB2578D462004964F2 /* Threading.m */ = {isa = PBXFileReference; lastKnownFileType = sourcecode.c.objc; path = Threading.m; sourceTree = "<group>"; };
		113DFBE72574920F00E945F5 /* layout.png */ = {isa = PBXFileReference; lastKnownFileType = image.png; path = layout.png; sourceTree = "<group>"; };
		1144CDE725663FE30018E831 /* StackHeap.h */ = {isa = PBXFileReference; lastKnownFileType = sourcecode.c.h; path = StackHeap.h; sourceTree = "<group>"; };
		1144CDE825663FE30018E831 /* StackHeap.m */ = {isa = PBXFileReference; lastKnownFileType = sourcecode.c.objc; path = StackHeap.m; sourceTree = "<group>"; };
		11479CB6256CA52000AF877E /* WebPMux.framework */ = {isa = PBXFileReference; lastKnownFileType = wrapper.framework; path = WebPMux.framework; sourceTree = "<group>"; };
		11479CB7256CA52000AF877E /* WebP.framework */ = {isa = PBXFileReference; lastKnownFileType = wrapper.framework; path = WebP.framework; sourceTree = "<group>"; };
		11479CB8256CA52000AF877E /* WebPDecoder.framework */ = {isa = PBXFileReference; lastKnownFileType = wrapper.framework; path = WebPDecoder.framework; sourceTree = "<group>"; };
		11479CB9256CA52000AF877E /* README */ = {isa = PBXFileReference; fileEncoding = 4; lastKnownFileType = text; path = README; sourceTree = "<group>"; };
		11479CBA256CA52000AF877E /* WebPDemux.framework */ = {isa = PBXFileReference; lastKnownFileType = wrapper.framework; path = WebPDemux.framework; sourceTree = "<group>"; };
		1148E58A256761270002372F /* KVO.h */ = {isa = PBXFileReference; lastKnownFileType = sourcecode.c.h; path = KVO.h; sourceTree = "<group>"; };
		1148E58B256761270002372F /* KVO.m */ = {isa = PBXFileReference; lastKnownFileType = sourcecode.c.objc; path = KVO.m; sourceTree = "<group>"; };
		1148E58D256761340002372F /* KVC.h */ = {isa = PBXFileReference; lastKnownFileType = sourcecode.c.h; path = KVC.h; sourceTree = "<group>"; };
		1148E58E256761340002372F /* KVC.m */ = {isa = PBXFileReference; lastKnownFileType = sourcecode.c.objc; path = KVC.m; sourceTree = "<group>"; };
		114CE82D2563709C00179FC2 /* KeyValueCoding.h */ = {isa = PBXFileReference; lastKnownFileType = sourcecode.c.h; path = KeyValueCoding.h; sourceTree = "<group>"; };
		114CE82E2563709C00179FC2 /* KeyValueCoding.m */ = {isa = PBXFileReference; lastKnownFileType = sourcecode.c.objc; path = KeyValueCoding.m; sourceTree = "<group>"; };
		114CE83025637F1B00179FC2 /* CopingController.h */ = {isa = PBXFileReference; lastKnownFileType = sourcecode.c.h; path = CopingController.h; sourceTree = "<group>"; };
		114CE83125637F1B00179FC2 /* CopingController.m */ = {isa = PBXFileReference; lastKnownFileType = sourcecode.c.objc; path = CopingController.m; sourceTree = "<group>"; };
		114CE8332563957900179FC2 /* ValueWrappersTransformations.h */ = {isa = PBXFileReference; lastKnownFileType = sourcecode.c.h; path = ValueWrappersTransformations.h; sourceTree = "<group>"; };
		114CE8342563957900179FC2 /* ValueWrappersTransformations.m */ = {isa = PBXFileReference; lastKnownFileType = sourcecode.c.objc; path = ValueWrappersTransformations.m; sourceTree = "<group>"; };
		114CE8362563964100179FC2 /* Invocations.h */ = {isa = PBXFileReference; lastKnownFileType = sourcecode.c.h; path = Invocations.h; sourceTree = "<group>"; };
		114CE8372563964100179FC2 /* Invocations.m */ = {isa = PBXFileReference; lastKnownFileType = sourcecode.c.objc; path = Invocations.m; sourceTree = "<group>"; };
		114CE83925639C4E00179FC2 /* MemoryManagement.h */ = {isa = PBXFileReference; lastKnownFileType = sourcecode.c.h; path = MemoryManagement.h; sourceTree = "<group>"; };
		114CE83A25639C4E00179FC2 /* MemoryManagement.m */ = {isa = PBXFileReference; lastKnownFileType = sourcecode.c.objc; path = MemoryManagement.m; sourceTree = "<group>"; };
		114CE83C2563CD7B00179FC2 /* AdvancedMemoryManagement.h */ = {isa = PBXFileReference; lastKnownFileType = sourcecode.c.h; path = AdvancedMemoryManagement.h; sourceTree = "<group>"; };
		114CE83D2563CD7B00179FC2 /* AdvancedMemoryManagement.m */ = {isa = PBXFileReference; lastKnownFileType = sourcecode.c.objc; path = AdvancedMemoryManagement.m; sourceTree = "<group>"; };
		114CE83F2563CFFA00179FC2 /* memory_management_2x.png */ = {isa = PBXFileReference; lastKnownFileType = image.png; path = memory_management_2x.png; sourceTree = "<group>"; };
		114CE8412563F57800179FC2 /* retaincycles_2x.png */ = {isa = PBXFileReference; lastKnownFileType = image.png; path = retaincycles_2x.png; sourceTree = "<group>"; };
		1162AB93255FD04500D6D099 /* RuntimeVersionsPlatforms.h */ = {isa = PBXFileReference; lastKnownFileType = sourcecode.c.h; path = RuntimeVersionsPlatforms.h; sourceTree = "<group>"; };
		1162AB94255FD04500D6D099 /* RuntimeVersionsPlatforms.m */ = {isa = PBXFileReference; lastKnownFileType = sourcecode.c.objc; path = RuntimeVersionsPlatforms.m; sourceTree = "<group>"; };
		1162AB96255FD3F200D6D099 /* InteractWithRuntime.h */ = {isa = PBXFileReference; lastKnownFileType = sourcecode.c.h; path = InteractWithRuntime.h; sourceTree = "<group>"; };
		1162AB97255FD3F200D6D099 /* InteractWithRuntime.m */ = {isa = PBXFileReference; lastKnownFileType = sourcecode.c.objc; path = InteractWithRuntime.m; sourceTree = "<group>"; };
		119E09CE24444ECB003FB6F2 /* Runtime.app */ = {isa = PBXFileReference; explicitFileType = wrapper.application; includeInIndex = 0; path = Runtime.app; sourceTree = BUILT_PRODUCTS_DIR; };
		119E09D124444ECB003FB6F2 /* AppDelegate.h */ = {isa = PBXFileReference; lastKnownFileType = sourcecode.c.h; path = AppDelegate.h; sourceTree = "<group>"; };
		119E09D224444ECB003FB6F2 /* AppDelegate.m */ = {isa = PBXFileReference; lastKnownFileType = sourcecode.c.objc; path = AppDelegate.m; sourceTree = "<group>"; };
		119E09DB24444ECB003FB6F2 /* Base */ = {isa = PBXFileReference; lastKnownFileType = file.storyboard; name = Base; path = Base.lproj/Main.storyboard; sourceTree = "<group>"; };
		119E09DD24444ECD003FB6F2 /* Assets.xcassets */ = {isa = PBXFileReference; lastKnownFileType = folder.assetcatalog; path = Assets.xcassets; sourceTree = "<group>"; };
		119E09E024444ECD003FB6F2 /* Base */ = {isa = PBXFileReference; lastKnownFileType = file.storyboard; name = Base; path = Base.lproj/LaunchScreen.storyboard; sourceTree = "<group>"; };
		119E09E224444ECD003FB6F2 /* Info.plist */ = {isa = PBXFileReference; lastKnownFileType = text.plist.xml; path = Info.plist; sourceTree = "<group>"; };
		119E09E324444ECD003FB6F2 /* main.m */ = {isa = PBXFileReference; lastKnownFileType = sourcecode.c.objc; path = main.m; sourceTree = "<group>"; };
		119E09E924444ECD003FB6F2 /* RuntimeTests.xctest */ = {isa = PBXFileReference; explicitFileType = wrapper.cfbundle; includeInIndex = 0; path = RuntimeTests.xctest; sourceTree = BUILT_PRODUCTS_DIR; };
		119E09ED24444ECD003FB6F2 /* RuntimeTests.m */ = {isa = PBXFileReference; lastKnownFileType = sourcecode.c.objc; path = RuntimeTests.m; sourceTree = "<group>"; };
		119E09EF24444ECD003FB6F2 /* Info.plist */ = {isa = PBXFileReference; lastKnownFileType = text.plist.xml; path = Info.plist; sourceTree = "<group>"; };
		119E09F424444ECD003FB6F2 /* RuntimeUITests.xctest */ = {isa = PBXFileReference; explicitFileType = wrapper.cfbundle; includeInIndex = 0; path = RuntimeUITests.xctest; sourceTree = BUILT_PRODUCTS_DIR; };
		119E09F824444ECD003FB6F2 /* RuntimeUITests.m */ = {isa = PBXFileReference; lastKnownFileType = sourcecode.c.objc; path = RuntimeUITests.m; sourceTree = "<group>"; };
		119E09FA24444ECD003FB6F2 /* Info.plist */ = {isa = PBXFileReference; lastKnownFileType = text.plist.xml; path = Info.plist; sourceTree = "<group>"; };
		11D97F5925622FB500781528 /* Messaging.h */ = {isa = PBXFileReference; lastKnownFileType = sourcecode.c.h; path = Messaging.h; sourceTree = "<group>"; };
		11D97F5A25622FB500781528 /* Messaging.m */ = {isa = PBXFileReference; lastKnownFileType = sourcecode.c.objc; path = Messaging.m; sourceTree = "<group>"; };
		11D97F5C25622FEC00781528 /* DynamicMethodResolution.h */ = {isa = PBXFileReference; lastKnownFileType = sourcecode.c.h; path = DynamicMethodResolution.h; sourceTree = "<group>"; };
		11D97F5D25622FEC00781528 /* DynamicMethodResolution.m */ = {isa = PBXFileReference; lastKnownFileType = sourcecode.c.objc; path = DynamicMethodResolution.m; sourceTree = "<group>"; };
		11D97F5F2562300700781528 /* MessageForwarding.h */ = {isa = PBXFileReference; lastKnownFileType = sourcecode.c.h; path = MessageForwarding.h; sourceTree = "<group>"; };
		11D97F602562300700781528 /* MessageForwarding.m */ = {isa = PBXFileReference; lastKnownFileType = sourcecode.c.objc; path = MessageForwarding.m; sourceTree = "<group>"; };
		11D97F622562301700781528 /* TypeEncodings.h */ = {isa = PBXFileReference; lastKnownFileType = sourcecode.c.h; path = TypeEncodings.h; sourceTree = "<group>"; };
		11D97F632562301700781528 /* TypeEncodings.m */ = {isa = PBXFileReference; lastKnownFileType = sourcecode.c.objc; path = TypeEncodings.m; sourceTree = "<group>"; };
		11D97F652562304F00781528 /* DeclaredProperties.h */ = {isa = PBXFileReference; lastKnownFileType = sourcecode.c.h; path = DeclaredProperties.h; sourceTree = "<group>"; };
		11D97F662562304F00781528 /* DeclaredProperties.m */ = {isa = PBXFileReference; lastKnownFileType = sourcecode.c.objc; path = DeclaredProperties.m; sourceTree = "<group>"; };
		11D97F6825624A5200781528 /* messaging1.gif */ = {isa = PBXFileReference; lastKnownFileType = image.gif; path = messaging1.gif; sourceTree = "<group>"; };
		11D97F6A2562809200781528 /* forwarding.gif */ = {isa = PBXFileReference; lastKnownFileType = image.gif; path = forwarding.gif; sourceTree = "<group>"; };
		11D97F6C256282D200781528 /* encoding.png */ = {isa = PBXFileReference; lastKnownFileType = image.png; path = encoding.png; sourceTree = "<group>"; };
		11D97F6E2562837600781528 /* methodEncoding.png */ = {isa = PBXFileReference; lastKnownFileType = image.png; path = methodEncoding.png; sourceTree = "<group>"; };
		11D97F702562852100781528 /* propertyTypeEncoding.png */ = {isa = PBXFileReference; lastKnownFileType = image.png; path = propertyTypeEncoding.png; sourceTree = "<group>"; };
		11D97F722562858F00781528 /* PropertyAttributeDescriptionExamples.png */ = {isa = PBXFileReference; lastKnownFileType = image.png; path = PropertyAttributeDescriptionExamples.png; sourceTree = "<group>"; };
/* End PBXFileReference section */

/* Begin PBXFrameworksBuildPhase section */
		119E09CB24444ECB003FB6F2 /* Frameworks */ = {
			isa = PBXFrameworksBuildPhase;
			buildActionMask = 2147483647;
			files = (
				11479CBC256CA52000AF877E /* WebP.framework in Frameworks */,
				11479CBF256CA52000AF877E /* WebPDemux.framework in Frameworks */,
				11479CBD256CA52000AF877E /* WebPDecoder.framework in Frameworks */,
				11479CBB256CA52000AF877E /* WebPMux.framework in Frameworks */,
			);
			runOnlyForDeploymentPostprocessing = 0;
		};
		119E09E624444ECD003FB6F2 /* Frameworks */ = {
			isa = PBXFrameworksBuildPhase;
			buildActionMask = 2147483647;
			files = (
			);
			runOnlyForDeploymentPostprocessing = 0;
		};
		119E09F124444ECD003FB6F2 /* Frameworks */ = {
			isa = PBXFrameworksBuildPhase;
			buildActionMask = 2147483647;
			files = (
			);
			runOnlyForDeploymentPostprocessing = 0;
		};
/* End PBXFrameworksBuildPhase section */

/* Begin PBXGroup section */
		113D0FA025789284004964F2 /* Objective-C Programming Language */ = {
			isa = PBXGroup;
			children = (
				113D0FA1257892CF004964F2 /* ObjectsClassesMessages.h */,
				113D0FA2257892CF004964F2 /* ObjectsClassesMessages.m */,
				113D0FAA2578C649004964F2 /* DefiningClass.h */,
				113D0FAB2578C649004964F2 /* DefiningClass.m */,
				113D0FB12578D2F8004964F2 /* Protocols.h */,
				113D0FB22578D2F8004964F2 /* Protocols.m */,
				113D0FB52578D312004964F2 /* DeclaredProperty.h */,
				113D0FB62578D312004964F2 /* DeclaredProperty.m */,
				113D0FB82578D327004964F2 /* CategoriesExtensions.h */,
				113D0FB92578D327004964F2 /* CategoriesExtensions.m */,
				113D0FBB2578D33F004964F2 /* AssociativeReferences.h */,
				113D0FBC2578D33F004964F2 /* AssociativeReferences.m */,
				113D0FBE2578D350004964F2 /* FastEnumeration.h */,
				113D0FBF2578D350004964F2 /* FastEnumeration.m */,
				113D0FC12578D368004964F2 /* EnablingStaticBehavior.h */,
				113D0FC22578D368004964F2 /* EnablingStaticBehavior.m */,
				113D0FC42578D378004964F2 /* Selectors.h */,
				113D0FC52578D378004964F2 /* Selectors.m */,
				113D0FC72578D452004964F2 /* ExceptionHandling.h */,
				113D0FC82578D452004964F2 /* ExceptionHandling.m */,
				113D0FCA2578D462004964F2 /* Threading.h */,
				113D0FCB2578D462004964F2 /* Threading.m */,
			);
			path = "Objective-C Programming Language";
			sourceTree = "<group>";
		};
		11479CB2256CA50000AF877E /* Framework */ = {
			isa = PBXGroup;
			children = (
				11479CB5256CA52000AF877E /* libwebp-1.1.0-ios-framework */,
			);
			path = Framework;
			sourceTree = "<group>";
		};
		11479CB5256CA52000AF877E /* libwebp-1.1.0-ios-framework */ = {
			isa = PBXGroup;
			children = (
				11479CB6256CA52000AF877E /* WebPMux.framework */,
				11479CB7256CA52000AF877E /* WebP.framework */,
				11479CB8256CA52000AF877E /* WebPDecoder.framework */,
				11479CB9256CA52000AF877E /* README */,
				11479CBA256CA52000AF877E /* WebPDemux.framework */,
			);
			path = "libwebp-1.1.0-ios-framework";
			sourceTree = "<group>";
		};
		119E09C524444ECB003FB6F2 = {
			isa = PBXGroup;
			children = (
				113D0FA025789284004964F2 /* Objective-C Programming Language */,
				11479CB2256CA50000AF877E /* Framework */,
				119E09D024444ECB003FB6F2 /* Runtime */,
				119E09EC24444ECD003FB6F2 /* RuntimeTests */,
				119E09F724444ECD003FB6F2 /* RuntimeUITests */,
				119E09CF24444ECB003FB6F2 /* Products */,
			);
			sourceTree = "<group>";
		};
		119E09CF24444ECB003FB6F2 /* Products */ = {
			isa = PBXGroup;
			children = (
				119E09CE24444ECB003FB6F2 /* Runtime.app */,
				119E09E924444ECD003FB6F2 /* RuntimeTests.xctest */,
				119E09F424444ECD003FB6F2 /* RuntimeUITests.xctest */,
			);
			name = Products;
			sourceTree = "<group>";
		};
		119E09D024444ECB003FB6F2 /* Runtime */ = {
			isa = PBXGroup;
			children = (
				119E09D124444ECB003FB6F2 /* AppDelegate.h */,
				119E09D224444ECB003FB6F2 /* AppDelegate.m */,
				1162AB93255FD04500D6D099 /* RuntimeVersionsPlatforms.h */,
				1162AB94255FD04500D6D099 /* RuntimeVersionsPlatforms.m */,
				1162AB96255FD3F200D6D099 /* InteractWithRuntime.h */,
				1162AB97255FD3F200D6D099 /* InteractWithRuntime.m */,
				11D97F5925622FB500781528 /* Messaging.h */,
				11D97F5A25622FB500781528 /* Messaging.m */,
				11D97F5C25622FEC00781528 /* DynamicMethodResolution.h */,
				11D97F5D25622FEC00781528 /* DynamicMethodResolution.m */,
				11D97F5F2562300700781528 /* MessageForwarding.h */,
				11D97F602562300700781528 /* MessageForwarding.m */,
				11D97F622562301700781528 /* TypeEncodings.h */,
				11D97F632562301700781528 /* TypeEncodings.m */,
				11D97F652562304F00781528 /* DeclaredProperties.h */,
				11D97F662562304F00781528 /* DeclaredProperties.m */,
				114CE82D2563709C00179FC2 /* KeyValueCoding.h */,
				114CE82E2563709C00179FC2 /* KeyValueCoding.m */,
				114CE83025637F1B00179FC2 /* CopingController.h */,
				114CE83125637F1B00179FC2 /* CopingController.m */,
				114CE8332563957900179FC2 /* ValueWrappersTransformations.h */,
				114CE8342563957900179FC2 /* ValueWrappersTransformations.m */,
				114CE8362563964100179FC2 /* Invocations.h */,
				114CE8372563964100179FC2 /* Invocations.m */,
				114CE83925639C4E00179FC2 /* MemoryManagement.h */,
				114CE83A25639C4E00179FC2 /* MemoryManagement.m */,
				114CE83C2563CD7B00179FC2 /* AdvancedMemoryManagement.h */,
				114CE83D2563CD7B00179FC2 /* AdvancedMemoryManagement.m */,
				1144CDE725663FE30018E831 /* StackHeap.h */,
				1144CDE825663FE30018E831 /* StackHeap.m */,
				1148E58A256761270002372F /* KVO.h */,
				1148E58B256761270002372F /* KVO.m */,
				1148E58D256761340002372F /* KVC.h */,
				1148E58E256761340002372F /* KVC.m */,
				113D0FAF2578D04F004964F2 /* highmidlow.gif */,
				113D0FAD2578CEB8004964F2 /* scopeinstvariables.gif */,
				113D0FA82578C2B4004964F2 /* cellhierarchy.gif */,
				113D0FA62578BE17004964F2 /* graphicinstvars.gif */,
				113D0FA42578BCE3004964F2 /* graphichierarchy.gif */,
				113DFBE72574920F00E945F5 /* layout.png */,
				114CE8412563F57800179FC2 /* retaincycles_2x.png */,
				114CE83F2563CFFA00179FC2 /* memory_management_2x.png */,
				11D97F722562858F00781528 /* PropertyAttributeDescriptionExamples.png */,
				11D97F702562852100781528 /* propertyTypeEncoding.png */,
				11D97F6E2562837600781528 /* methodEncoding.png */,
				11D97F6C256282D200781528 /* encoding.png */,
				11D97F6825624A5200781528 /* messaging1.gif */,
				11D97F6A2562809200781528 /* forwarding.gif */,
				119E09DA24444ECB003FB6F2 /* Main.storyboard */,
				119E09DD24444ECD003FB6F2 /* Assets.xcassets */,
				119E09DF24444ECD003FB6F2 /* LaunchScreen.storyboard */,
				119E09E224444ECD003FB6F2 /* Info.plist */,
				11142B8824A04D890004B482 /* README.md */,
				119E09E324444ECD003FB6F2 /* main.m */,
			);
			path = Runtime;
			sourceTree = "<group>";
		};
		119E09EC24444ECD003FB6F2 /* RuntimeTests */ = {
			isa = PBXGroup;
			children = (
				119E09ED24444ECD003FB6F2 /* RuntimeTests.m */,
				119E09EF24444ECD003FB6F2 /* Info.plist */,
			);
			path = RuntimeTests;
			sourceTree = "<group>";
		};
		119E09F724444ECD003FB6F2 /* RuntimeUITests */ = {
			isa = PBXGroup;
			children = (
				119E09F824444ECD003FB6F2 /* RuntimeUITests.m */,
				119E09FA24444ECD003FB6F2 /* Info.plist */,
			);
			path = RuntimeUITests;
			sourceTree = "<group>";
		};
/* End PBXGroup section */

/* Begin PBXNativeTarget section */
		119E09CD24444ECB003FB6F2 /* Runtime */ = {
			isa = PBXNativeTarget;
			buildConfigurationList = 119E09FD24444ECD003FB6F2 /* Build configuration list for PBXNativeTarget "Runtime" */;
			buildPhases = (
				119E09CA24444ECB003FB6F2 /* Sources */,
				119E09CB24444ECB003FB6F2 /* Frameworks */,
				119E09CC24444ECB003FB6F2 /* Resources */,
			);
			buildRules = (
			);
			dependencies = (
			);
			name = Runtime;
			productName = Runtime;
			productReference = 119E09CE24444ECB003FB6F2 /* Runtime.app */;
			productType = "com.apple.product-type.application";
		};
		119E09E824444ECD003FB6F2 /* RuntimeTests */ = {
			isa = PBXNativeTarget;
			buildConfigurationList = 119E0A0024444ECD003FB6F2 /* Build configuration list for PBXNativeTarget "RuntimeTests" */;
			buildPhases = (
				119E09E524444ECD003FB6F2 /* Sources */,
				119E09E624444ECD003FB6F2 /* Frameworks */,
				119E09E724444ECD003FB6F2 /* Resources */,
			);
			buildRules = (
			);
			dependencies = (
				119E09EB24444ECD003FB6F2 /* PBXTargetDependency */,
			);
			name = RuntimeTests;
			productName = RuntimeTests;
			productReference = 119E09E924444ECD003FB6F2 /* RuntimeTests.xctest */;
			productType = "com.apple.product-type.bundle.unit-test";
		};
		119E09F324444ECD003FB6F2 /* RuntimeUITests */ = {
			isa = PBXNativeTarget;
			buildConfigurationList = 119E0A0324444ECD003FB6F2 /* Build configuration list for PBXNativeTarget "RuntimeUITests" */;
			buildPhases = (
				119E09F024444ECD003FB6F2 /* Sources */,
				119E09F124444ECD003FB6F2 /* Frameworks */,
				119E09F224444ECD003FB6F2 /* Resources */,
			);
			buildRules = (
			);
			dependencies = (
				119E09F624444ECD003FB6F2 /* PBXTargetDependency */,
			);
			name = RuntimeUITests;
			productName = RuntimeUITests;
			productReference = 119E09F424444ECD003FB6F2 /* RuntimeUITests.xctest */;
			productType = "com.apple.product-type.bundle.ui-testing";
		};
/* End PBXNativeTarget section */

/* Begin PBXProject section */
		119E09C624444ECB003FB6F2 /* Project object */ = {
			isa = PBXProject;
			attributes = {
				LastUpgradeCheck = 1130;
				ORGANIZATIONNAME = "tiger fly";
				TargetAttributes = {
					119E09CD24444ECB003FB6F2 = {
						CreatedOnToolsVersion = 11.3.1;
					};
					119E09E824444ECD003FB6F2 = {
						CreatedOnToolsVersion = 11.3.1;
						TestTargetID = 119E09CD24444ECB003FB6F2;
					};
					119E09F324444ECD003FB6F2 = {
						CreatedOnToolsVersion = 11.3.1;
						TestTargetID = 119E09CD24444ECB003FB6F2;
					};
				};
			};
			buildConfigurationList = 119E09C924444ECB003FB6F2 /* Build configuration list for PBXProject "Runtime" */;
			compatibilityVersion = "Xcode 9.3";
			developmentRegion = en;
			hasScannedForEncodings = 0;
			knownRegions = (
				en,
				Base,
			);
			mainGroup = 119E09C524444ECB003FB6F2;
			productRefGroup = 119E09CF24444ECB003FB6F2 /* Products */;
			projectDirPath = "";
			projectRoot = "";
			targets = (
				119E09CD24444ECB003FB6F2 /* Runtime */,
				119E09E824444ECD003FB6F2 /* RuntimeTests */,
				119E09F324444ECD003FB6F2 /* RuntimeUITests */,
			);
		};
/* End PBXProject section */

/* Begin PBXResourcesBuildPhase section */
		119E09CC24444ECB003FB6F2 /* Resources */ = {
			isa = PBXResourcesBuildPhase;
			buildActionMask = 2147483647;
			files = (
				113D0FB02578D04F004964F2 /* highmidlow.gif in Resources */,
				11479CBE256CA52000AF877E /* README in Resources */,
				113DFBE82574920F00E945F5 /* layout.png in Resources */,
				119E09E124444ECD003FB6F2 /* LaunchScreen.storyboard in Resources */,
				119E09DE24444ECD003FB6F2 /* Assets.xcassets in Resources */,
				11D97F6F2562837600781528 /* methodEncoding.png in Resources */,
				113D0FA92578C2B4004964F2 /* cellhierarchy.gif in Resources */,
				11142B8924A04D890004B482 /* README.md in Resources */,
				114CE8402563CFFA00179FC2 /* memory_management_2x.png in Resources */,
				11D97F6B2562809200781528 /* forwarding.gif in Resources */,
				11D97F6925624A5200781528 /* messaging1.gif in Resources */,
				11D97F712562852100781528 /* propertyTypeEncoding.png in Resources */,
				113D0FAE2578CEB8004964F2 /* scopeinstvariables.gif in Resources */,
				11D97F6D256282D200781528 /* encoding.png in Resources */,
				114CE8422563F57800179FC2 /* retaincycles_2x.png in Resources */,
				113D0FA52578BCE3004964F2 /* graphichierarchy.gif in Resources */,
				11D97F732562858F00781528 /* PropertyAttributeDescriptionExamples.png in Resources */,
				119E09DC24444ECB003FB6F2 /* Main.storyboard in Resources */,
				113D0FA72578BE18004964F2 /* graphicinstvars.gif in Resources */,
			);
			runOnlyForDeploymentPostprocessing = 0;
		};
		119E09E724444ECD003FB6F2 /* Resources */ = {
			isa = PBXResourcesBuildPhase;
			buildActionMask = 2147483647;
			files = (
			);
			runOnlyForDeploymentPostprocessing = 0;
		};
		119E09F224444ECD003FB6F2 /* Resources */ = {
			isa = PBXResourcesBuildPhase;
			buildActionMask = 2147483647;
			files = (
			);
			runOnlyForDeploymentPostprocessing = 0;
		};
/* End PBXResourcesBuildPhase section */

/* Begin PBXSourcesBuildPhase section */
		119E09CA24444ECB003FB6F2 /* Sources */ = {
			isa = PBXSourcesBuildPhase;
			buildActionMask = 2147483647;
			files = (
				114CE83E2563CD7B00179FC2 /* AdvancedMemoryManagement.m in Sources */,
				119E09D324444ECB003FB6F2 /* AppDelegate.m in Sources */,
				113D0FC92578D452004964F2 /* ExceptionHandling.m in Sources */,
				114CE83B25639C4E00179FC2 /* MemoryManagement.m in Sources */,
				11D97F612562300700781528 /* MessageForwarding.m in Sources */,
				113D0FB72578D312004964F2 /* DeclaredProperty.m in Sources */,
				119E09E424444ECD003FB6F2 /* main.m in Sources */,
				11D97F5E25622FEC00781528 /* DynamicMethodResolution.m in Sources */,
				113D0FC62578D378004964F2 /* Selectors.m in Sources */,
				114CE8352563957900179FC2 /* ValueWrappersTransformations.m in Sources */,
				113D0FCC2578D462004964F2 /* Threading.m in Sources */,
				114CE8382563964100179FC2 /* Invocations.m in Sources */,
				113D0FB32578D2F8004964F2 /* Protocols.m in Sources */,
				11D97F5B25622FB500781528 /* Messaging.m in Sources */,
				113D0FC32578D368004964F2 /* EnablingStaticBehavior.m in Sources */,
				1162AB98255FD3F200D6D099 /* InteractWithRuntime.m in Sources */,
				1144CDE925663FE30018E831 /* StackHeap.m in Sources */,
				113D0FC02578D350004964F2 /* FastEnumeration.m in Sources */,
				11D97F642562301700781528 /* TypeEncodings.m in Sources */,
				1148E58F256761340002372F /* KVC.m in Sources */,
				113D0FBD2578D33F004964F2 /* AssociativeReferences.m in Sources */,
				113D0FBA2578D327004964F2 /* CategoriesExtensions.m in Sources */,
				1148E58C256761270002372F /* KVO.m in Sources */,
				113D0FA3257892CF004964F2 /* ObjectsClassesMessages.m in Sources */,
				11D97F672562304F00781528 /* DeclaredProperties.m in Sources */,
				113D0FAC2578C649004964F2 /* DefiningClass.m in Sources */,
				1162AB95255FD04500D6D099 /* RuntimeVersionsPlatforms.m in Sources */,
				114CE82F2563709C00179FC2 /* KeyValueCoding.m in Sources */,
				114CE83225637F1B00179FC2 /* CopingController.m in Sources */,
			);
			runOnlyForDeploymentPostprocessing = 0;
		};
		119E09E524444ECD003FB6F2 /* Sources */ = {
			isa = PBXSourcesBuildPhase;
			buildActionMask = 2147483647;
			files = (
				119E09EE24444ECD003FB6F2 /* RuntimeTests.m in Sources */,
			);
			runOnlyForDeploymentPostprocessing = 0;
		};
		119E09F024444ECD003FB6F2 /* Sources */ = {
			isa = PBXSourcesBuildPhase;
			buildActionMask = 2147483647;
			files = (
				119E09F924444ECD003FB6F2 /* RuntimeUITests.m in Sources */,
			);
			runOnlyForDeploymentPostprocessing = 0;
		};
/* End PBXSourcesBuildPhase section */

/* Begin PBXTargetDependency section */
		119E09EB24444ECD003FB6F2 /* PBXTargetDependency */ = {
			isa = PBXTargetDependency;
			target = 119E09CD24444ECB003FB6F2 /* Runtime */;
			targetProxy = 119E09EA24444ECD003FB6F2 /* PBXContainerItemProxy */;
		};
		119E09F624444ECD003FB6F2 /* PBXTargetDependency */ = {
			isa = PBXTargetDependency;
			target = 119E09CD24444ECB003FB6F2 /* Runtime */;
			targetProxy = 119E09F524444ECD003FB6F2 /* PBXContainerItemProxy */;
		};
/* End PBXTargetDependency section */

/* Begin PBXVariantGroup section */
		119E09DA24444ECB003FB6F2 /* Main.storyboard */ = {
			isa = PBXVariantGroup;
			children = (
				119E09DB24444ECB003FB6F2 /* Base */,
			);
			name = Main.storyboard;
			sourceTree = "<group>";
		};
		119E09DF24444ECD003FB6F2 /* LaunchScreen.storyboard */ = {
			isa = PBXVariantGroup;
			children = (
				119E09E024444ECD003FB6F2 /* Base */,
			);
			name = LaunchScreen.storyboard;
			sourceTree = "<group>";
		};
/* End PBXVariantGroup section */

/* Begin XCBuildConfiguration section */
		119E09FB24444ECD003FB6F2 /* Debug */ = {
			isa = XCBuildConfiguration;
			buildSettings = {
				ALWAYS_SEARCH_USER_PATHS = NO;
				CLANG_ANALYZER_NONNULL = YES;
				CLANG_ANALYZER_NUMBER_OBJECT_CONVERSION = YES_AGGRESSIVE;
				CLANG_CXX_LANGUAGE_STANDARD = "gnu++14";
				CLANG_CXX_LIBRARY = "libc++";
				CLANG_ENABLE_MODULES = YES;
				CLANG_ENABLE_OBJC_ARC = YES;
				CLANG_ENABLE_OBJC_WEAK = YES;
				CLANG_WARN_BLOCK_CAPTURE_AUTORELEASING = YES;
				CLANG_WARN_BOOL_CONVERSION = YES;
				CLANG_WARN_COMMA = YES;
				CLANG_WARN_CONSTANT_CONVERSION = YES;
				CLANG_WARN_DEPRECATED_OBJC_IMPLEMENTATIONS = YES;
				CLANG_WARN_DIRECT_OBJC_ISA_USAGE = YES_ERROR;
				CLANG_WARN_DOCUMENTATION_COMMENTS = YES;
				CLANG_WARN_EMPTY_BODY = YES;
				CLANG_WARN_ENUM_CONVERSION = YES;
				CLANG_WARN_INFINITE_RECURSION = YES;
				CLANG_WARN_INT_CONVERSION = YES;
				CLANG_WARN_NON_LITERAL_NULL_CONVERSION = YES;
				CLANG_WARN_OBJC_IMPLICIT_RETAIN_SELF = YES;
				CLANG_WARN_OBJC_LITERAL_CONVERSION = YES;
				CLANG_WARN_OBJC_ROOT_CLASS = YES_ERROR;
				CLANG_WARN_RANGE_LOOP_ANALYSIS = YES;
				CLANG_WARN_STRICT_PROTOTYPES = YES;
				CLANG_WARN_SUSPICIOUS_MOVE = YES;
				CLANG_WARN_UNGUARDED_AVAILABILITY = YES_AGGRESSIVE;
				CLANG_WARN_UNREACHABLE_CODE = YES;
				CLANG_WARN__DUPLICATE_METHOD_MATCH = YES;
				COPY_PHASE_STRIP = NO;
				DEBUG_INFORMATION_FORMAT = dwarf;
				ENABLE_STRICT_OBJC_MSGSEND = YES;
				ENABLE_TESTABILITY = YES;
				GCC_C_LANGUAGE_STANDARD = gnu11;
				GCC_DYNAMIC_NO_PIC = NO;
				GCC_NO_COMMON_BLOCKS = YES;
				GCC_OPTIMIZATION_LEVEL = 0;
				GCC_PREPROCESSOR_DEFINITIONS = (
					"DEBUG=1",
					"$(inherited)",
				);
				GCC_WARN_64_TO_32_BIT_CONVERSION = YES;
				GCC_WARN_ABOUT_RETURN_TYPE = YES_ERROR;
				GCC_WARN_UNDECLARED_SELECTOR = YES;
				GCC_WARN_UNINITIALIZED_AUTOS = YES_AGGRESSIVE;
				GCC_WARN_UNUSED_FUNCTION = YES;
				GCC_WARN_UNUSED_VARIABLE = YES;
				IPHONEOS_DEPLOYMENT_TARGET = 13.2;
				MTL_ENABLE_DEBUG_INFO = INCLUDE_SOURCE;
				MTL_FAST_MATH = YES;
				ONLY_ACTIVE_ARCH = YES;
				SDKROOT = iphoneos;
			};
			name = Debug;
		};
		119E09FC24444ECD003FB6F2 /* Release */ = {
			isa = XCBuildConfiguration;
			buildSettings = {
				ALWAYS_SEARCH_USER_PATHS = NO;
				CLANG_ANALYZER_NONNULL = YES;
				CLANG_ANALYZER_NUMBER_OBJECT_CONVERSION = YES_AGGRESSIVE;
				CLANG_CXX_LANGUAGE_STANDARD = "gnu++14";
				CLANG_CXX_LIBRARY = "libc++";
				CLANG_ENABLE_MODULES = YES;
				CLANG_ENABLE_OBJC_ARC = YES;
				CLANG_ENABLE_OBJC_WEAK = YES;
				CLANG_WARN_BLOCK_CAPTURE_AUTORELEASING = YES;
				CLANG_WARN_BOOL_CONVERSION = YES;
				CLANG_WARN_COMMA = YES;
				CLANG_WARN_CONSTANT_CONVERSION = YES;
				CLANG_WARN_DEPRECATED_OBJC_IMPLEMENTATIONS = YES;
				CLANG_WARN_DIRECT_OBJC_ISA_USAGE = YES_ERROR;
				CLANG_WARN_DOCUMENTATION_COMMENTS = YES;
				CLANG_WARN_EMPTY_BODY = YES;
				CLANG_WARN_ENUM_CONVERSION = YES;
				CLANG_WARN_INFINITE_RECURSION = YES;
				CLANG_WARN_INT_CONVERSION = YES;
				CLANG_WARN_NON_LITERAL_NULL_CONVERSION = YES;
				CLANG_WARN_OBJC_IMPLICIT_RETAIN_SELF = YES;
				CLANG_WARN_OBJC_LITERAL_CONVERSION = YES;
				CLANG_WARN_OBJC_ROOT_CLASS = YES_ERROR;
				CLANG_WARN_RANGE_LOOP_ANALYSIS = YES;
				CLANG_WARN_STRICT_PROTOTYPES = YES;
				CLANG_WARN_SUSPICIOUS_MOVE = YES;
				CLANG_WARN_UNGUARDED_AVAILABILITY = YES_AGGRESSIVE;
				CLANG_WARN_UNREACHABLE_CODE = YES;
				CLANG_WARN__DUPLICATE_METHOD_MATCH = YES;
				COPY_PHASE_STRIP = NO;
				DEBUG_INFORMATION_FORMAT = "dwarf-with-dsym";
				ENABLE_NS_ASSERTIONS = NO;
				ENABLE_STRICT_OBJC_MSGSEND = YES;
				GCC_C_LANGUAGE_STANDARD = gnu11;
				GCC_NO_COMMON_BLOCKS = YES;
				GCC_WARN_64_TO_32_BIT_CONVERSION = YES;
				GCC_WARN_ABOUT_RETURN_TYPE = YES_ERROR;
				GCC_WARN_UNDECLARED_SELECTOR = YES;
				GCC_WARN_UNINITIALIZED_AUTOS = YES_AGGRESSIVE;
				GCC_WARN_UNUSED_FUNCTION = YES;
				GCC_WARN_UNUSED_VARIABLE = YES;
				IPHONEOS_DEPLOYMENT_TARGET = 13.2;
				MTL_ENABLE_DEBUG_INFO = NO;
				MTL_FAST_MATH = YES;
				SDKROOT = iphoneos;
				VALIDATE_PRODUCT = YES;
			};
			name = Release;
		};
		119E09FE24444ECD003FB6F2 /* Debug */ = {
			isa = XCBuildConfiguration;
			buildSettings = {
				ASSETCATALOG_COMPILER_APPICON_NAME = AppIcon;
				CODE_SIGN_STYLE = Automatic;
				DEVELOPMENT_TEAM = 962BW6QCNQ;
				FRAMEWORK_SEARCH_PATHS = (
					"$(inherited)",
					"$(PROJECT_DIR)/Framework",
					"$(PROJECT_DIR)/Framework/libwebp-1.1.0-ios-framework",
				);
				INFOPLIST_FILE = Runtime/Info.plist;
				LD_RUNPATH_SEARCH_PATHS = (
					"$(inherited)",
					"@executable_path/Frameworks",
				);
				PRODUCT_BUNDLE_IDENTIFIER = com.fxw.Runtime;
				PRODUCT_NAME = "$(TARGET_NAME)";
				TARGETED_DEVICE_FAMILY = "1,2";
			};
			name = Debug;
		};
		119E09FF24444ECD003FB6F2 /* Release */ = {
			isa = XCBuildConfiguration;
			buildSettings = {
				ASSETCATALOG_COMPILER_APPICON_NAME = AppIcon;
				CODE_SIGN_STYLE = Automatic;
				DEVELOPMENT_TEAM = 962BW6QCNQ;
				FRAMEWORK_SEARCH_PATHS = (
					"$(inherited)",
					"$(PROJECT_DIR)/Framework",
					"$(PROJECT_DIR)/Framework/libwebp-1.1.0-ios-framework",
				);
				INFOPLIST_FILE = Runtime/Info.plist;
				LD_RUNPATH_SEARCH_PATHS = (
					"$(inherited)",
					"@executable_path/Frameworks",
				);
				PRODUCT_BUNDLE_IDENTIFIER = com.fxw.Runtime;
				PRODUCT_NAME = "$(TARGET_NAME)";
				TARGETED_DEVICE_FAMILY = "1,2";
			};
			name = Release;
		};
		119E0A0124444ECD003FB6F2 /* Debug */ = {
			isa = XCBuildConfiguration;
			buildSettings = {
				BUNDLE_LOADER = "$(TEST_HOST)";
				CODE_SIGN_STYLE = Automatic;
				DEVELOPMENT_TEAM = 962BW6QCNQ;
				INFOPLIST_FILE = RuntimeTests/Info.plist;
				IPHONEOS_DEPLOYMENT_TARGET = 13.2;
				LD_RUNPATH_SEARCH_PATHS = (
					"$(inherited)",
					"@executable_path/Frameworks",
					"@loader_path/Frameworks",
				);
				PRODUCT_BUNDLE_IDENTIFIER = com.fxw.RuntimeTests;
				PRODUCT_NAME = "$(TARGET_NAME)";
				TARGETED_DEVICE_FAMILY = "1,2";
				TEST_HOST = "$(BUILT_PRODUCTS_DIR)/Runtime.app/Runtime";
			};
			name = Debug;
		};
		119E0A0224444ECD003FB6F2 /* Release */ = {
			isa = XCBuildConfiguration;
			buildSettings = {
				BUNDLE_LOADER = "$(TEST_HOST)";
				CODE_SIGN_STYLE = Automatic;
				DEVELOPMENT_TEAM = 962BW6QCNQ;
				INFOPLIST_FILE = RuntimeTests/Info.plist;
				IPHONEOS_DEPLOYMENT_TARGET = 13.2;
				LD_RUNPATH_SEARCH_PATHS = (
					"$(inherited)",
					"@executable_path/Frameworks",
					"@loader_path/Frameworks",
				);
				PRODUCT_BUNDLE_IDENTIFIER = com.fxw.RuntimeTests;
				PRODUCT_NAME = "$(TARGET_NAME)";
				TARGETED_DEVICE_FAMILY = "1,2";
				TEST_HOST = "$(BUILT_PRODUCTS_DIR)/Runtime.app/Runtime";
			};
			name = Release;
		};
		119E0A0424444ECD003FB6F2 /* Debug */ = {
			isa = XCBuildConfiguration;
			buildSettings = {
				CODE_SIGN_STYLE = Automatic;
				DEVELOPMENT_TEAM = 962BW6QCNQ;
				INFOPLIST_FILE = RuntimeUITests/Info.plist;
				LD_RUNPATH_SEARCH_PATHS = (
					"$(inherited)",
					"@executable_path/Frameworks",
					"@loader_path/Frameworks",
				);
				PRODUCT_BUNDLE_IDENTIFIER = com.fxw.RuntimeUITests;
				PRODUCT_NAME = "$(TARGET_NAME)";
				TARGETED_DEVICE_FAMILY = "1,2";
				TEST_TARGET_NAME = Runtime;
			};
			name = Debug;
		};
		119E0A0524444ECD003FB6F2 /* Release */ = {
			isa = XCBuildConfiguration;
			buildSettings = {
				CODE_SIGN_STYLE = Automatic;
				DEVELOPMENT_TEAM = 962BW6QCNQ;
				INFOPLIST_FILE = RuntimeUITests/Info.plist;
				LD_RUNPATH_SEARCH_PATHS = (
					"$(inherited)",
					"@executable_path/Frameworks",
					"@loader_path/Frameworks",
				);
				PRODUCT_BUNDLE_IDENTIFIER = com.fxw.RuntimeUITests;
				PRODUCT_NAME = "$(TARGET_NAME)";
				TARGETED_DEVICE_FAMILY = "1,2";
				TEST_TARGET_NAME = Runtime;
			};
			name = Release;
		};
/* End XCBuildConfiguration section */

/* Begin XCConfigurationList section */
		119E09C924444ECB003FB6F2 /* Build configuration list for PBXProject "Runtime" */ = {
			isa = XCConfigurationList;
			buildConfigurations = (
				119E09FB24444ECD003FB6F2 /* Debug */,
				119E09FC24444ECD003FB6F2 /* Release */,
			);
			defaultConfigurationIsVisible = 0;
			defaultConfigurationName = Release;
		};
		119E09FD24444ECD003FB6F2 /* Build configuration list for PBXNativeTarget "Runtime" */ = {
			isa = XCConfigurationList;
			buildConfigurations = (
				119E09FE24444ECD003FB6F2 /* Debug */,
				119E09FF24444ECD003FB6F2 /* Release */,
			);
			defaultConfigurationIsVisible = 0;
			defaultConfigurationName = Release;
		};
		119E0A0024444ECD003FB6F2 /* Build configuration list for PBXNativeTarget "RuntimeTests" */ = {
			isa = XCConfigurationList;
			buildConfigurations = (
				119E0A0124444ECD003FB6F2 /* Debug */,
				119E0A0224444ECD003FB6F2 /* Release */,
			);
			defaultConfigurationIsVisible = 0;
			defaultConfigurationName = Release;
		};
		119E0A0324444ECD003FB6F2 /* Build configuration list for PBXNativeTarget "RuntimeUITests" */ = {
			isa = XCConfigurationList;
			buildConfigurations = (
				119E0A0424444ECD003FB6F2 /* Debug */,
				119E0A0524444ECD003FB6F2 /* Release */,
			);
			defaultConfigurationIsVisible = 0;
			defaultConfigurationName = Release;
		};
/* End XCConfigurationList section */
	};
	rootObject = 119E09C624444ECB003FB6F2 /* Project object */;
}
